{
  "name": "maestro-ai-workflow",
  "version": "0.1.0",
  "lockfileVersion": 3,
  "requires": true,
  "packages": {
    "": {
      "name": "maestro-ai-workflow",
      "version": "0.1.0",
      "bin": {
        "maestro": "bin/maestro.js"
      },
      "engines": {
        "node": ">=20.19.0"
      }
    }
  }
}
